github.com/google/uuid v1.6.0 h1:NIvaJDMOsjHA8n1jAhLSgzrAzy1Hgr+hNrb57e+94F0=
github.com/google/uuid v1.6.0/go.mod h1:TIyPZe4MgqvfeYDBFedMoGGpEw/LqOeaOT+nhxU+yHo=
github.com/hashicorp/vault v1.18.1 h1:o+4tDTxGHOT9dKDbmS3/398dQmCBwdri3dG/1FhBJUM=
github.com/hashicorp/vault v1.18.1/go.mod h1:cZzMQFd6gqYGcAv30cjzp9h1NA74Ts3ERIu2vp3zhEQ=
